
Microsoft Visual Studio Solution File, Format Version 12.00
# Visual Studio 14
VisualStudioVersion = 14.0.25420.1
MinimumVisualStudioVersion = 10.0.40219.1
Project("{FAE04EC0-301F-11D3-BF4B-00C04F79EFBC}") = "VoiceSingWeb", "VoiceSingWeb\VoiceSingWeb.csproj", "{35E8FE5E-7481-4EC9-91A3-E9728B643AC2}"
EndProject
Project("{FAE04EC0-301F-11D3-BF4B-00C04F79EFBC}") = "Models", "Models\Models.csproj", "{82B721EA-C27B-4742-9FDA-D5BB0C101693}"
EndProject
Project("{FAE04EC0-301F-11D3-BF4B-00C04F79EFBC}") = "BLL", "BLL\BLL.csproj", "{C9150E9B-30FD-483E-96CF-D88FBA4505E7}"
EndProject
Project("{FAE04EC0-301F-11D3-BF4B-00C04F79EFBC}") = "DAL", "DAL\DAL.csproj", "{E99E04B5-5775-4FF4-93FA-46BDD3FC9ABF}"
EndProject
Project("{FAE04EC0-301F-11D3-BF4B-00C04F79EFBC}") = "DALFactory", "DALFactory\DALFactory.csproj", "{D9F7AB96-C386-4C0E-926E-C730661938A9}"
EndProject
Project("{FAE04EC0-301F-11D3-BF4B-00C04F79EFBC}") = "IDAL", "IDAL\IDAL.csproj", "{D27F46BA-4AB7-4B0B-BAAF-FCFEDB414CD2}"
EndProject
Global
	GlobalSection(SolutionConfigurationPlatforms) = preSolution
		Debug|Any CPU = Debug|Any CPU
		Release|Any CPU = Release|Any CPU
	EndGlobalSection
	GlobalSection(ProjectConfigurationPlatforms) = postSolution
		{35E8FE5E-7481-4EC9-91A3-E9728B643AC2}.Debug|Any CPU.ActiveCfg = Debug|Any CPU
		{35E8FE5E-7481-4EC9-91A3-E9728B643AC2}.Debug|Any CPU.Build.0 = Debug|Any CPU
		{35E8FE5E-7481-4EC9-91A3-E9728B643AC2}.Release|Any CPU.ActiveCfg = Release|Any CPU
		{35E8FE5E-7481-4EC9-91A3-E9728B643AC2}.Release|Any CPU.Build.0 = Release|Any CPU
		{82B721EA-C27B-4742-9FDA-D5BB0C101693}.Debug|Any CPU.ActiveCfg = Debug|Any CPU
		{82B721EA-C27B-4742-9FDA-D5BB0C101693}.Debug|Any CPU.Build.0 = Debug|Any CPU
		{82B721EA-C27B-4742-9FDA-D5BB0C101693}.Release|Any CPU.ActiveCfg = Release|Any CPU
		{82B721EA-C27B-4742-9FDA-D5BB0C101693}.Release|Any CPU.Build.0 = Release|Any CPU
		{C9150E9B-30FD-483E-96CF-D88FBA4505E7}.Debug|Any CPU.ActiveCfg = Debug|Any CPU
		{C9150E9B-30FD-483E-96CF-D88FBA4505E7}.Debug|Any CPU.Build.0 = Debug|Any CPU
		{C9150E9B-30FD-483E-96CF-D88FBA4505E7}.Release|Any CPU.ActiveCfg = Release|Any CPU
		{C9150E9B-30FD-483E-96CF-D88FBA4505E7}.Release|Any CPU.Build.0 = Release|Any CPU
		{E99E04B5-5775-4FF4-93FA-46BDD3FC9ABF}.Debug|Any CPU.ActiveCfg = Debug|Any CPU
		{E99E04B5-5775-4FF4-93FA-46BDD3FC9ABF}.Debug|Any CPU.Build.0 = Debug|Any CPU
		{E99E04B5-5775-4FF4-93FA-46BDD3FC9ABF}.Release|Any CPU.ActiveCfg = Release|Any CPU
		{E99E04B5-5775-4FF4-93FA-46BDD3FC9ABF}.Release|Any CPU.Build.0 = Release|Any CPU
		{D9F7AB96-C386-4C0E-926E-C730661938A9}.Debug|Any CPU.ActiveCfg = Debug|Any CPU
		{D9F7AB96-C386-4C0E-926E-C730661938A9}.Debug|Any CPU.Build.0 = Debug|Any CPU
		{D9F7AB96-C386-4C0E-926E-C730661938A9}.Release|Any CPU.ActiveCfg = Release|Any CPU
		{D9F7AB96-C386-4C0E-926E-C730661938A9}.Release|Any CPU.Build.0 = Release|Any CPU
		{D27F46BA-4AB7-4B0B-BAAF-FCFEDB414CD2}.Debug|Any CPU.ActiveCfg = Debug|Any CPU
		{D27F46BA-4AB7-4B0B-BAAF-FCFEDB414CD2}.Debug|Any CPU.Build.0 = Debug|Any CPU
		{D27F46BA-4AB7-4B0B-BAAF-FCFEDB414CD2}.Release|Any CPU.ActiveCfg = Release|Any CPU
		{D27F46BA-4AB7-4B0B-BAAF-FCFEDB414CD2}.Release|Any CPU.Build.0 = Release|Any CPU
	EndGlobalSection
	GlobalSection(SolutionProperties) = preSolution
		HideSolutionNode = FALSE
	EndGlobalSection
EndGlobal
